
Microsoft Visual Studio Solution File, Format Version 12.00
# Visual Studio Version 17
VisualStudioVersion = 17.5.002.0
MinimumVisualStudioVersion = 10.0.40219.1
Project("{9A19103F-16F7-4668-BE54-9A1E7A4F7556}") = "api", "api\api.csproj", "{639F0555-C7C4-4B48-A750-F04798A8FBDB}"
EndProject
Global
	GlobalSection(SolutionConfigurationPlatforms) = preSolution
		Debug|Any CPU = Debug|Any CPU
		Release|Any CPU = Release|Any CPU
	EndGlobalSection
	GlobalSection(ProjectConfigurationPlatforms) = postSolution
		{639F0555-C7C4-4B48-A750-F04798A8FBDB}.Debug|Any CPU.ActiveCfg = Debug|Any CPU
		{639F0555-C7C4-4B48-A750-F04798A8FBDB}.Debug|Any CPU.Build.0 = Debug|Any CPU
		{639F0555-C7C4-4B48-A750-F04798A8FBDB}.Release|Any CPU.ActiveCfg = Release|Any CPU
		{639F0555-C7C4-4B48-A750-F04798A8FBDB}.Release|Any CPU.Build.0 = Release|Any CPU
	EndGlobalSection
	GlobalSection(SolutionProperties) = preSolution
		HideSolutionNode = FALSE
	EndGlobalSection
	GlobalSection(ExtensibilityGlobals) = postSolution
		SolutionGuid = {33A32522-9665-4343-A9DB-8CD7517F6221}
	EndGlobalSection
EndGlobal
